<Solution>
  <Folder Name="/.github/" />
  <Folder Name="/.github/workflows/">
    <File Path=".github/workflows/common-release.yml" />
    <File Path=".github/workflows/release.yml" />
  </Folder>
  <Folder Name="/Deploy/" />
  <Folder Name="/Deploy/Local/">
    <File Path="Deploy/Local/build-publish_local.ps1" />
  </Folder>
  <Folder Name="/Shared/" />
  <Folder Name="/Shared/Certificates/">
    <File Path="Shared/Certificates/dummyPdfA3Signing.crt" />
    <File Path="Shared/Certificates/dummyPdfA3Signing.key" />
    <File Path="Shared/Certificates/dummyPdfA3Signing.openssl.conf" />
    <File Path="Shared/Certificates/dummyPdfA3Signing.pfx" />
  </Folder>
  <Folder Name="/Shared/Examples/">
    <File Path="Shared/Examples/ZF_Extended__Sammelrechnung_3_Bestellungen_generated_pdfa3.pdf" />
  </Folder>
  <Folder Name="/Solution Items/">
    <File Path="LICENSE" />
    <File Path="NuGet.Config" />
    <File Path="README.md" />
  </Folder>
  <Folder Name="/Src/">
    <Project Path="Src/tulo.SigningPdf/tulo.SigningPdf.csproj" />
  </Folder>
  <Folder Name="/Tests/">
    <Project Path="Tests/tulo.SigningPdfTests/tulo.SigningPdfTests.csproj" />
  </Folder>
</Solution>
